
Microsoft Visual Studio Solution File, Format Version 12.00
# Visual Studio Version 17
VisualStudioVersion = 17.14.36121.58
MinimumVisualStudioVersion = 10.0.40219.1
Project("{FAE04EC0-301F-11D3-BF4B-00C04F79EFBC}") = "GameEngine", "GameEngine.csproj", "{9BBA9FF3-13A0-42CE-850E-03FCB4D15DEC}"
EndProject
Project("{FAE04EC0-301F-11D3-BF4B-00C04F79EFBC}") = "ScriptParser", "..\ScriptParser\ScriptParser.csproj", "{E6638A5B-08AF-4C87-9A29-BB7B767BA130}"
EndProject
Project("{FAE04EC0-301F-11D3-BF4B-00C04F79EFBC}") = "BuildTool", "..\BuildTool\BuildTool.csproj", "{D46C553C-B748-4A6D-B156-4E409807414D}"
EndProject
Project("{2150E333-8FDC-42A3-9474-1A3956D46DE8}") = "ソリューション項目", "ソリューション項目", "{2022CB0F-8BAF-F49E-0C48-8EF4C96EC109}"
	ProjectSection(SolutionItems) = preProject
		..\Scripts\start.txt = ..\Scripts\start.txt
	EndProjectSection
EndProject
Project("{FAE04EC0-301F-11D3-BF4B-00C04F79EFBC}") = "GameApp", "..\GameApp\GameApp.csproj", "{AFD22F59-2062-4B52-BFB3-385F07C39747}"
EndProject
Global
	GlobalSection(SolutionConfigurationPlatforms) = preSolution
		Debug|Any CPU = Debug|Any CPU
		Release|Any CPU = Release|Any CPU
	EndGlobalSection
	GlobalSection(ProjectConfigurationPlatforms) = postSolution
		{9BBA9FF3-13A0-42CE-850E-03FCB4D15DEC}.Debug|Any CPU.ActiveCfg = Debug|Any CPU
		{9BBA9FF3-13A0-42CE-850E-03FCB4D15DEC}.Debug|Any CPU.Build.0 = Debug|Any CPU
		{9BBA9FF3-13A0-42CE-850E-03FCB4D15DEC}.Release|Any CPU.ActiveCfg = Release|Any CPU
		{9BBA9FF3-13A0-42CE-850E-03FCB4D15DEC}.Release|Any CPU.Build.0 = Release|Any CPU
		{E6638A5B-08AF-4C87-9A29-BB7B767BA130}.Debug|Any CPU.ActiveCfg = Debug|Any CPU
		{E6638A5B-08AF-4C87-9A29-BB7B767BA130}.Debug|Any CPU.Build.0 = Debug|Any CPU
		{E6638A5B-08AF-4C87-9A29-BB7B767BA130}.Release|Any CPU.ActiveCfg = Release|Any CPU
		{E6638A5B-08AF-4C87-9A29-BB7B767BA130}.Release|Any CPU.Build.0 = Release|Any CPU
		{D46C553C-B748-4A6D-B156-4E409807414D}.Debug|Any CPU.ActiveCfg = Debug|Any CPU
		{D46C553C-B748-4A6D-B156-4E409807414D}.Debug|Any CPU.Build.0 = Debug|Any CPU
		{D46C553C-B748-4A6D-B156-4E409807414D}.Release|Any CPU.ActiveCfg = Release|Any CPU
		{D46C553C-B748-4A6D-B156-4E409807414D}.Release|Any CPU.Build.0 = Release|Any CPU
		{AFD22F59-2062-4B52-BFB3-385F07C39747}.Debug|Any CPU.ActiveCfg = Debug|Any CPU
		{AFD22F59-2062-4B52-BFB3-385F07C39747}.Debug|Any CPU.Build.0 = Debug|Any CPU
		{AFD22F59-2062-4B52-BFB3-385F07C39747}.Release|Any CPU.ActiveCfg = Release|Any CPU
		{AFD22F59-2062-4B52-BFB3-385F07C39747}.Release|Any CPU.Build.0 = Release|Any CPU
	EndGlobalSection
	GlobalSection(SolutionProperties) = preSolution
		HideSolutionNode = FALSE
	EndGlobalSection
	GlobalSection(ExtensibilityGlobals) = postSolution
		SolutionGuid = {E436E1C0-EB53-497D-A619-E44307CB1328}
	EndGlobalSection
EndGlobal
